
Microsoft Visual Studio Solution File, Format Version 12.00
# Visual Studio Version 16
VisualStudioVersion = 16.0.30517.126
MinimumVisualStudioVersion = 10.0.40219.1
Project("{FAE04EC0-301F-11D3-BF4B-00C04F79EFBC}") = "WebApi", "WebApi\WebApi.csproj", "{57AB5768-4458-4613-B13F-D9C3862A9469}"
EndProject
Project("{FAE04EC0-301F-11D3-BF4B-00C04F79EFBC}") = "Business", "Business\Business.csproj", "{0DBD5DE3-BB00-4722-B10E-A51C34068490}"
EndProject
Project("{FAE04EC0-301F-11D3-BF4B-00C04F79EFBC}") = "Core", "Core\Core.csproj", "{21B08C9C-E07F-474C-8997-57717CAA2455}"
EndProject
Project("{FAE04EC0-301F-11D3-BF4B-00C04F79EFBC}") = "DataAccess", "DataAccess\DataAccess.csproj", "{751A09EB-F8C0-4EF3-8E6A-0D95A019B3B4}"
EndProject
Project("{FAE04EC0-301F-11D3-BF4B-00C04F79EFBC}") = "DTO", "DTO\DTO.csproj", "{4EA27562-5AB8-4AAF-885E-C54FD5B2C8C0}"
EndProject
Project("{FAE04EC0-301F-11D3-BF4B-00C04F79EFBC}") = "Entities", "Entities\Entities.csproj", "{E16779B4-060D-45EE-9B6F-9A674543C365}"
EndProject
Global
	GlobalSection(SolutionConfigurationPlatforms) = preSolution
		Debug|Any CPU = Debug|Any CPU
		Release|Any CPU = Release|Any CPU
	EndGlobalSection
	GlobalSection(ProjectConfigurationPlatforms) = postSolution
		{57AB5768-4458-4613-B13F-D9C3862A9469}.Debug|Any CPU.ActiveCfg = Debug|Any CPU
		{57AB5768-4458-4613-B13F-D9C3862A9469}.Debug|Any CPU.Build.0 = Debug|Any CPU
		{57AB5768-4458-4613-B13F-D9C3862A9469}.Release|Any CPU.ActiveCfg = Release|Any CPU
		{57AB5768-4458-4613-B13F-D9C3862A9469}.Release|Any CPU.Build.0 = Release|Any CPU
		{0DBD5DE3-BB00-4722-B10E-A51C34068490}.Debug|Any CPU.ActiveCfg = Debug|Any CPU
		{0DBD5DE3-BB00-4722-B10E-A51C34068490}.Debug|Any CPU.Build.0 = Debug|Any CPU
		{0DBD5DE3-BB00-4722-B10E-A51C34068490}.Release|Any CPU.ActiveCfg = Release|Any CPU
		{0DBD5DE3-BB00-4722-B10E-A51C34068490}.Release|Any CPU.Build.0 = Release|Any CPU
		{21B08C9C-E07F-474C-8997-57717CAA2455}.Debug|Any CPU.ActiveCfg = Debug|Any CPU
		{21B08C9C-E07F-474C-8997-57717CAA2455}.Debug|Any CPU.Build.0 = Debug|Any CPU
		{21B08C9C-E07F-474C-8997-57717CAA2455}.Release|Any CPU.ActiveCfg = Release|Any CPU
		{21B08C9C-E07F-474C-8997-57717CAA2455}.Release|Any CPU.Build.0 = Release|Any CPU
		{751A09EB-F8C0-4EF3-8E6A-0D95A019B3B4}.Debug|Any CPU.ActiveCfg = Debug|Any CPU
		{751A09EB-F8C0-4EF3-8E6A-0D95A019B3B4}.Debug|Any CPU.Build.0 = Debug|Any CPU
		{751A09EB-F8C0-4EF3-8E6A-0D95A019B3B4}.Release|Any CPU.ActiveCfg = Release|Any CPU
		{751A09EB-F8C0-4EF3-8E6A-0D95A019B3B4}.Release|Any CPU.Build.0 = Release|Any CPU
		{4EA27562-5AB8-4AAF-885E-C54FD5B2C8C0}.Debug|Any CPU.ActiveCfg = Debug|Any CPU
		{4EA27562-5AB8-4AAF-885E-C54FD5B2C8C0}.Debug|Any CPU.Build.0 = Debug|Any CPU
		{4EA27562-5AB8-4AAF-885E-C54FD5B2C8C0}.Release|Any CPU.ActiveCfg = Release|Any CPU
		{4EA27562-5AB8-4AAF-885E-C54FD5B2C8C0}.Release|Any CPU.Build.0 = Release|Any CPU
		{E16779B4-060D-45EE-9B6F-9A674543C365}.Debug|Any CPU.ActiveCfg = Debug|Any CPU
		{E16779B4-060D-45EE-9B6F-9A674543C365}.Debug|Any CPU.Build.0 = Debug|Any CPU
		{E16779B4-060D-45EE-9B6F-9A674543C365}.Release|Any CPU.ActiveCfg = Release|Any CPU
		{E16779B4-060D-45EE-9B6F-9A674543C365}.Release|Any CPU.Build.0 = Release|Any CPU
	EndGlobalSection
	GlobalSection(SolutionProperties) = preSolution
		HideSolutionNode = FALSE
	EndGlobalSection
	GlobalSection(ExtensibilityGlobals) = postSolution
		SolutionGuid = {9E5AD5FF-1CC9-48B0-82AC-FA99411A89A6}
	EndGlobalSection
EndGlobal
